
Microsoft Visual Studio Solution File, Format Version 12.00
# Visual Studio 15
VisualStudioVersion = 15.0.28306.52
MinimumVisualStudioVersion = 10.0.40219.1
Project("{FAE04EC0-301F-11D3-BF4B-00C04F79EFBC}") = "Cli_Output_CS_Test", "Cli_Output_CS_Test\Cli_Output_CS_Test.csproj", "{3485847D-B796-4F52-AB99-E8AD66B9ED88}"
EndProject
Global
	GlobalSection(SolutionConfigurationPlatforms) = preSolution
		Debug|Any CPU = Debug|Any CPU
		Release|Any CPU = Release|Any CPU
	EndGlobalSection
	GlobalSection(ProjectConfigurationPlatforms) = postSolution
		{3485847D-B796-4F52-AB99-E8AD66B9ED88}.Debug|Any CPU.ActiveCfg = Debug|Any CPU
		{3485847D-B796-4F52-AB99-E8AD66B9ED88}.Debug|Any CPU.Build.0 = Debug|Any CPU
		{3485847D-B796-4F52-AB99-E8AD66B9ED88}.Release|Any CPU.ActiveCfg = Release|Any CPU
		{3485847D-B796-4F52-AB99-E8AD66B9ED88}.Release|Any CPU.Build.0 = Release|Any CPU
	EndGlobalSection
	GlobalSection(SolutionProperties) = preSolution
		HideSolutionNode = FALSE
	EndGlobalSection
	GlobalSection(ExtensibilityGlobals) = postSolution
		SolutionGuid = {C0C571EA-6276-4D3B-B17D-41CB3F8FF43B}
	EndGlobalSection
EndGlobal
